<?xml version="1.0" encoding="utf-8"?>
<Project ToolsVersion="4.0" xmlns="http://schemas.microsoft.com/developer/msbuild/2003">
  <ItemGroup>
    <Filter Include="Source Files">
      <UniqueIdentifier>{4FC737F1-C7A5-4376-A066-2A32D752A2FF}</UniqueIdentifier>
      <Extensions>cpp;c;cc;cxx;def;odl;idl;hpj;bat;asm;asmx</Extensions>
    </Filter>
    <Filter Include="Header Files">
      <UniqueIdentifier>{93995380-89BD-4b04-88EB-625FBE52EBFB}</UniqueIdentifier>
      <Extensions>h;hh;hpp;hxx;hm;inl;inc;ipp;xsd</Extensions>
    </Filter>
    <Filter Include="Resource Files">
      <UniqueIdentifier>{67DA6AB6-F800-4c08-8B7A-83BB121AAD01}</UniqueIdentifier>
      <Extensions>rc;ico;cur;bmp;dlg;rc2;rct;bin;rgs;gif;jpg;jpeg;jpe;resx;tiff;tif;png;wav;mfcribbon-ms</Extensions>
    </Filter>
    <Filter Include="Header Files\range">
      <UniqueIdentifier>{ac21a74f-417e-4771-a3bb-4e0eb6d69567}</UniqueIdentifier>
    </Filter>
    <Filter Include="Header Files\enumerate">
      <UniqueIdentifier>{35816d08-9bb4-4120-b861-e69914a9fc33}</UniqueIdentifier>
    </Filter>
    <Filter Include="Header Files\util">
      <UniqueIdentifier>{43b8f2df-4407-450e-8533-25762ad8a032}</UniqueIdentifier>
    </Filter>
  </ItemGroup>
  <ItemGroup>
    <ClInclude Include="Range.h">
      <Filter>Header Files\range</Filter>
    </ClInclude>
    <ClInclude Include="RangeIterator.h">
      <Filter>Header Files\range</Filter>
    </ClInclude>
    <ClInclude Include="Enumerate.h">
      <Filter>Header Files\enumerate</Filter>
    </ClInclude>
    <ClInclude Include="EnumerateIterator.h">
      <Filter>Header Files\enumerate</Filter>
    </ClInclude>
    <ClInclude Include="Test.h">
      <Filter>Header Files</Filter>
    </ClInclude>
    <ClInclude Include="TimeUtilities.h">
      <Filter>Header Files\util</Filter>
    </ClInclude>
  </ItemGroup>
  <ItemGroup>
    <ClCompile Include="main.cpp">
      <Filter>Source Files</Filter>
    </ClCompile>
  </ItemGroup>
</Project>